
Microsoft Visual Studio Solution File, Format Version 12.00
# Visual Studio 15
VisualStudioVersion = 15.0.28307.106
MinimumVisualStudioVersion = 10.0.40219.1
Project("{D2ABAB84-BF74-430A-B69E-9DC6D40DDA17}") = "MultidimensionalProject2", "MultidimensionalProject2\MultidimensionalProject2.dwproj", "{93C832A6-7E4E-4CBA-B39D-55EEB0D13F47}"
EndProject
Global
	GlobalSection(SolutionConfigurationPlatforms) = preSolution
		Development|Default = Development|Default
	EndGlobalSection
	GlobalSection(ProjectConfigurationPlatforms) = postSolution
		{93C832A6-7E4E-4CBA-B39D-55EEB0D13F47}.Development|Default.ActiveCfg = Development
		{93C832A6-7E4E-4CBA-B39D-55EEB0D13F47}.Development|Default.Build.0 = Development
		{93C832A6-7E4E-4CBA-B39D-55EEB0D13F47}.Development|Default.Deploy.0 = Development
	EndGlobalSection
	GlobalSection(SolutionProperties) = preSolution
		HideSolutionNode = FALSE
	EndGlobalSection
	GlobalSection(ExtensibilityGlobals) = postSolution
		SolutionGuid = {B1E2C6F1-9469-4863-AE59-00D181CCFDD4}
	EndGlobalSection
EndGlobal
